
Microsoft Visual Studio Solution File, Format Version 12.00
# Visual Studio Version 16
VisualStudioVersion = 16.0.29102.190
MinimumVisualStudioVersion = 10.0.40219.1
Project("{FAE04EC0-301F-11D3-BF4B-00C04F79EFBC}") = "JobManagementSystem.Web", "JobManagementSystem.Web\JobManagementSystem.Web.csproj", "{93F5ED9C-BECC-43BF-ABA9-F07A42A09F27}"
EndProject
Project("{FAE04EC0-301F-11D3-BF4B-00C04F79EFBC}") = "JobManagementSystem.Common", "JobManagementSystem.Common\JobManagementSystem.Common.csproj", "{783842ED-E204-4DC0-8B24-786BF0777DF1}"
EndProject
Project("{FAE04EC0-301F-11D3-BF4B-00C04F79EFBC}") = "JobManagementSystem.DataAccess", "JobManagementSystem.DataAccess\JobManagementSystem.DataAccess.csproj", "{8EC5517C-33DE-4166-B086-D04E3E2D5524}"
EndProject
Project("{FAE04EC0-301F-11D3-BF4B-00C04F79EFBC}") = "JobManagementSystem.Service", "JobManagementSystem.Service\JobManagementSystem.Service.csproj", "{89EF5088-B0E7-4675-8B24-FF21B0046A35}"
EndProject
Project("{FAE04EC0-301F-11D3-BF4B-00C04F79EFBC}") = "JobManagementSystem.DataModel", "JobManagementSystem.DataModel\JobManagementSystem.DataModel.csproj", "{C6CA79F8-41B5-46F7-8C67-40A98DD53EB1}"
EndProject
Global
	GlobalSection(SolutionConfigurationPlatforms) = preSolution
		Debug|Any CPU = Debug|Any CPU
		Release|Any CPU = Release|Any CPU
	EndGlobalSection
	GlobalSection(ProjectConfigurationPlatforms) = postSolution
		{93F5ED9C-BECC-43BF-ABA9-F07A42A09F27}.Debug|Any CPU.ActiveCfg = Debug|Any CPU
		{93F5ED9C-BECC-43BF-ABA9-F07A42A09F27}.Debug|Any CPU.Build.0 = Debug|Any CPU
		{93F5ED9C-BECC-43BF-ABA9-F07A42A09F27}.Release|Any CPU.ActiveCfg = Release|Any CPU
		{93F5ED9C-BECC-43BF-ABA9-F07A42A09F27}.Release|Any CPU.Build.0 = Release|Any CPU
		{783842ED-E204-4DC0-8B24-786BF0777DF1}.Debug|Any CPU.ActiveCfg = Debug|Any CPU
		{783842ED-E204-4DC0-8B24-786BF0777DF1}.Debug|Any CPU.Build.0 = Debug|Any CPU
		{783842ED-E204-4DC0-8B24-786BF0777DF1}.Release|Any CPU.ActiveCfg = Release|Any CPU
		{783842ED-E204-4DC0-8B24-786BF0777DF1}.Release|Any CPU.Build.0 = Release|Any CPU
		{8EC5517C-33DE-4166-B086-D04E3E2D5524}.Debug|Any CPU.ActiveCfg = Debug|Any CPU
		{8EC5517C-33DE-4166-B086-D04E3E2D5524}.Debug|Any CPU.Build.0 = Debug|Any CPU
		{8EC5517C-33DE-4166-B086-D04E3E2D5524}.Release|Any CPU.ActiveCfg = Release|Any CPU
		{8EC5517C-33DE-4166-B086-D04E3E2D5524}.Release|Any CPU.Build.0 = Release|Any CPU
		{89EF5088-B0E7-4675-8B24-FF21B0046A35}.Debug|Any CPU.ActiveCfg = Debug|Any CPU
		{89EF5088-B0E7-4675-8B24-FF21B0046A35}.Debug|Any CPU.Build.0 = Debug|Any CPU
		{89EF5088-B0E7-4675-8B24-FF21B0046A35}.Release|Any CPU.ActiveCfg = Release|Any CPU
		{89EF5088-B0E7-4675-8B24-FF21B0046A35}.Release|Any CPU.Build.0 = Release|Any CPU
		{C6CA79F8-41B5-46F7-8C67-40A98DD53EB1}.Debug|Any CPU.ActiveCfg = Debug|Any CPU
		{C6CA79F8-41B5-46F7-8C67-40A98DD53EB1}.Debug|Any CPU.Build.0 = Debug|Any CPU
		{C6CA79F8-41B5-46F7-8C67-40A98DD53EB1}.Release|Any CPU.ActiveCfg = Release|Any CPU
		{C6CA79F8-41B5-46F7-8C67-40A98DD53EB1}.Release|Any CPU.Build.0 = Release|Any CPU
	EndGlobalSection
	GlobalSection(SolutionProperties) = preSolution
		HideSolutionNode = FALSE
	EndGlobalSection
	GlobalSection(ExtensibilityGlobals) = postSolution
		SolutionGuid = {7E4964C3-943C-4EB0-AA06-6B2ED2899074}
	EndGlobalSection
EndGlobal
